version: 6
environments:
  default:
    channels:
    - url: https://conda.anaconda.org/bioconda/
    - url: https://conda.anaconda.org/conda-forge/
    options:
      pypi-prerelease-mode: if-necessary-or-explicit
    packages:
      linux-64:
      - conda: https://conda.anaconda.org/conda-forge/linux-64/_openmp_mutex-4.5-20_gnu.conda
      - conda: https://conda.anaconda.org/bioconda/linux-64/holodeck-0.2.1-hd612981_0.conda
      - conda: https://conda.anaconda.org/conda-forge/linux-64/libgcc-15.2.0-he0feb66_19.conda
      - conda: https://conda.anaconda.org/conda-forge/linux-64/libgomp-15.2.0-he0feb66_19.conda
      - conda: https://conda.anaconda.org/conda-forge/linux-64/libstdcxx-15.2.0-h934c35e_19.conda
      linux-aarch64:
      - conda: https://conda.anaconda.org/conda-forge/linux-aarch64/_openmp_mutex-4.5-20_gnu.conda
      - conda: https://conda.anaconda.org/bioconda/linux-aarch64/holodeck-0.2.1-h6789a04_0.conda
      - conda: https://conda.anaconda.org/conda-forge/linux-aarch64/libgcc-15.2.0-h8acb6b2_19.conda
      - conda: https://conda.anaconda.org/conda-forge/linux-aarch64/libgomp-15.2.0-h8acb6b2_19.conda
      - conda: https://conda.anaconda.org/conda-forge/linux-aarch64/libstdcxx-15.2.0-hef695bb_19.conda
      osx-arm64:
      - conda: https://conda.anaconda.org/bioconda/osx-arm64/holodeck-0.2.1-hf8f1f16_0.conda
      - conda: https://conda.anaconda.org/conda-forge/osx-arm64/libcxx-22.1.5-h55c6f16_1.conda
packages:
- conda: https://conda.anaconda.org/conda-forge/linux-64/_openmp_mutex-4.5-20_gnu.conda
  build_number: 20
  sha256: 1dd3fffd892081df9726d7eb7e0dea6198962ba775bd88842135a4ddb4deb3c9
  md5: a9f577daf3de00bca7c3c76c0ecbd1de
  depends:
  - __glibc >=2.17,<3.0.a0
  - libgomp >=7.5.0
  constrains:
  - openmp_impl <0.0a0
  license: BSD-3-Clause
  license_family: BSD
  size: 28948
  timestamp: 1770939786096
- conda: https://conda.anaconda.org/conda-forge/linux-aarch64/_openmp_mutex-4.5-20_gnu.conda
  build_number: 20
  sha256: a2527b1d81792a0ccd2c05850960df119c2b6d8f5fdec97f2db7d25dc23b1068
  md5: 468fd3bb9e1f671d36c2cbc677e56f1d
  depends:
  - libgomp >=7.5.0
  constrains:
  - openmp_impl <0.0a0
  license: BSD-3-Clause
  license_family: BSD
  size: 28926
  timestamp: 1770939656741
- conda: https://conda.anaconda.org/bioconda/linux-64/holodeck-0.2.1-hd612981_0.conda
  sha256: d3a52d0d4778f8572e45c099a06357da6dfe35f2d2f4a38eb3113d6143ed9afb
  md5: 83b485613bf038052a2ff8984db17a18
  depends:
  - libgcc >=14
  - libstdcxx >=14
  constrains:
  - __glibc >=2.17
  license: MIT
  size: 1167178
  timestamp: 1777678340428
- conda: https://conda.anaconda.org/bioconda/linux-aarch64/holodeck-0.2.1-h6789a04_0.conda
  sha256: cd92cad5dfa0066b8326b9b0d683ca216d1bee73d54a9095044db19905c46723
  md5: ac388209778cc0ff1dda8acdc07871de
  depends:
  - libgcc >=14
  - libstdcxx >=14
  constrains:
  - __glibc >=2.17
  license: MIT
  size: 1120691
  timestamp: 1777678125719
- conda: https://conda.anaconda.org/bioconda/osx-arm64/holodeck-0.2.1-hf8f1f16_0.conda
  sha256: fd7a0677b8593aa84d8db11340faa2322ec824ca126e76b767f99bcb20f3c9ae
  md5: adfb91bc88642ef30c28d2562bb4752d
  depends:
  - libcxx >=19
  constrains:
  - __osx >=11.0
  license: MIT
  size: 994520
  timestamp: 1777678014023
- conda: https://conda.anaconda.org/conda-forge/osx-arm64/libcxx-22.1.5-h55c6f16_1.conda
  sha256: dddd01bd6b338221342a89530a1caffe6051a70cc8f8b1d8bb591d5447a3c603
  md5: ff484b683fecf1e875dfc7aa01d19796
  depends:
  - __osx >=11.0
  license: Apache-2.0 WITH LLVM-exception
  license_family: Apache
  size: 569359
  timestamp: 1778191546305
- conda: https://conda.anaconda.org/conda-forge/linux-64/libgcc-15.2.0-he0feb66_19.conda
  sha256: 8e0a3b5e41272e5678499b5dfc4cddb673f9e935de01eb0767ce857001229f46
  md5: 57736f29cc2b0ec0b6c2952d3f101b6a
  depends:
  - __glibc >=2.17,<3.0.a0
  - _openmp_mutex >=4.5
  constrains:
  - libgcc-ng ==15.2.0=*_19
  - libgomp 15.2.0 he0feb66_19
  license: GPL-3.0-only WITH GCC-exception-3.1
  license_family: GPL
  size: 1041084
  timestamp: 1778269013026
- conda: https://conda.anaconda.org/conda-forge/linux-aarch64/libgcc-15.2.0-h8acb6b2_19.conda
  sha256: 4592b096e553f67799ae70d4b6167eeda3ec74587d68c7aecbf4e7b1df136681
  md5: f35b3f52d0a2ec4ffe3c89ba135cdb9a
  depends:
  - _openmp_mutex >=4.5
  constrains:
  - libgomp 15.2.0 h8acb6b2_19
  - libgcc-ng ==15.2.0=*_19
  license: GPL-3.0-only WITH GCC-exception-3.1
  license_family: GPL
  size: 622462
  timestamp: 1778268755949
- conda: https://conda.anaconda.org/conda-forge/linux-64/libgomp-15.2.0-he0feb66_19.conda
  sha256: 5abe4ab9d93f6c9757d654f1969ae2267d4505315c1f2f8fe705fd60af084f1b
  md5: faac990cb7aedc7f3a2224f2c9b0c26c
  depends:
  - __glibc >=2.17,<3.0.a0
  license: GPL-3.0-only WITH GCC-exception-3.1
  license_family: GPL
  size: 603817
  timestamp: 1778268942614
- conda: https://conda.anaconda.org/conda-forge/linux-aarch64/libgomp-15.2.0-h8acb6b2_19.conda
  sha256: 2370ef0ffcbae5bede3c4bf136add4abc257245eb91f724c99bb4a43116c5a83
  md5: c5e8a379c4a2ec2aea4ba22758c001d9
  license: GPL-3.0-only WITH GCC-exception-3.1
  license_family: GPL
  size: 587387
  timestamp: 1778268674393
- conda: https://conda.anaconda.org/conda-forge/linux-64/libstdcxx-15.2.0-h934c35e_19.conda
  sha256: dff1058c76ec6b8759e41cefa2508162d00e4a5e6721aa68ec3fd10094e702dc
  md5: 5794b3bdc38177caf969dabd3af08549
  depends:
  - __glibc >=2.17,<3.0.a0
  - libgcc 15.2.0 he0feb66_19
  constrains:
  - libstdcxx-ng ==15.2.0=*_19
  license: GPL-3.0-only WITH GCC-exception-3.1
  license_family: GPL
  size: 5852044
  timestamp: 1778269036376
- conda: https://conda.anaconda.org/conda-forge/linux-aarch64/libstdcxx-15.2.0-hef695bb_19.conda
  sha256: 1dadc45e599f510dd5f97141dddcdbb9844d9f1430c1f3a38075cf1c58f87b4e
  md5: 543fbc8d71f2a0baf04cf88ce96cb8bb
  depends:
  - libgcc 15.2.0 h8acb6b2_19
  constrains:
  - libstdcxx-ng ==15.2.0=*_19
  license: GPL-3.0-only WITH GCC-exception-3.1
  license_family: GPL
  size: 5546559
  timestamp: 1778268777463
